
Microsoft Visual Studio Solution File, Format Version 12.00
# Visual Studio 15
VisualStudioVersion = 15.0.27703.2047
MinimumVisualStudioVersion = 10.0.40219.1
Project("{9A19103F-16F7-4668-BE54-9A1E7A4F7556}") = "Warehouse.API", "src\Services\Warehouse\Warehouse.API\Warehouse.API.csproj", "{E7AE9B67-E430-46CF-A71F-5101256A7400}"
	ProjectSection(ProjectDependencies) = postProject
		{8DAB4CC5-FC46-4E4A-B029-F79CC18D330A} = {8DAB4CC5-FC46-4E4A-B029-F79CC18D330A}
	EndProjectSection
EndProject
Project("{9A19103F-16F7-4668-BE54-9A1E7A4F7556}") = "Warehouse.API.Models", "src\Services\Warehouse\Warehouse.API.Models\Warehouse.API.Models.csproj", "{67517EDE-A1D8-4BB6-87B7-7763C5894D2F}"
EndProject
Project("{9A19103F-16F7-4668-BE54-9A1E7A4F7556}") = "Restmium.Models", "src\BuildingBlocks\Restmium.Models\Restmium.Models.csproj", "{3B501BB9-0BB8-479F-99BF-E17B9BF8DD7D}"
EndProject
Project("{9A19103F-16F7-4668-BE54-9A1E7A4F7556}") = "Warehouse.API.Models.Extensions", "Warehouse.API.Models.Extensions\Warehouse.API.Models.Extensions.csproj", "{8DAB4CC5-FC46-4E4A-B029-F79CC18D330A}"
EndProject
Global
	GlobalSection(SolutionConfigurationPlatforms) = preSolution
		Debug|Any CPU = Debug|Any CPU
		Release|Any CPU = Release|Any CPU
	EndGlobalSection
	GlobalSection(ProjectConfigurationPlatforms) = postSolution
		{E7AE9B67-E430-46CF-A71F-5101256A7400}.Debug|Any CPU.ActiveCfg = Debug|Any CPU
		{E7AE9B67-E430-46CF-A71F-5101256A7400}.Debug|Any CPU.Build.0 = Debug|Any CPU
		{E7AE9B67-E430-46CF-A71F-5101256A7400}.Release|Any CPU.ActiveCfg = Release|Any CPU
		{E7AE9B67-E430-46CF-A71F-5101256A7400}.Release|Any CPU.Build.0 = Release|Any CPU
		{67517EDE-A1D8-4BB6-87B7-7763C5894D2F}.Debug|Any CPU.ActiveCfg = Debug|Any CPU
		{67517EDE-A1D8-4BB6-87B7-7763C5894D2F}.Debug|Any CPU.Build.0 = Debug|Any CPU
		{67517EDE-A1D8-4BB6-87B7-7763C5894D2F}.Release|Any CPU.ActiveCfg = Release|Any CPU
		{67517EDE-A1D8-4BB6-87B7-7763C5894D2F}.Release|Any CPU.Build.0 = Release|Any CPU
		{3B501BB9-0BB8-479F-99BF-E17B9BF8DD7D}.Debug|Any CPU.ActiveCfg = Debug|Any CPU
		{3B501BB9-0BB8-479F-99BF-E17B9BF8DD7D}.Debug|Any CPU.Build.0 = Debug|Any CPU
		{3B501BB9-0BB8-479F-99BF-E17B9BF8DD7D}.Release|Any CPU.ActiveCfg = Release|Any CPU
		{3B501BB9-0BB8-479F-99BF-E17B9BF8DD7D}.Release|Any CPU.Build.0 = Release|Any CPU
		{8DAB4CC5-FC46-4E4A-B029-F79CC18D330A}.Debug|Any CPU.ActiveCfg = Debug|Any CPU
		{8DAB4CC5-FC46-4E4A-B029-F79CC18D330A}.Debug|Any CPU.Build.0 = Debug|Any CPU
		{8DAB4CC5-FC46-4E4A-B029-F79CC18D330A}.Release|Any CPU.ActiveCfg = Release|Any CPU
		{8DAB4CC5-FC46-4E4A-B029-F79CC18D330A}.Release|Any CPU.Build.0 = Release|Any CPU
	EndGlobalSection
	GlobalSection(SolutionProperties) = preSolution
		HideSolutionNode = FALSE
	EndGlobalSection
	GlobalSection(ExtensibilityGlobals) = postSolution
		SolutionGuid = {EBCECFB2-5169-4290-A00D-41924EF592A6}
	EndGlobalSection
EndGlobal
