
Microsoft Visual Studio Solution File, Format Version 12.00
# Visual Studio Version 16
VisualStudioVersion = 16.0.29102.190
MinimumVisualStudioVersion = 10.0.40219.1
Project("{9A19103F-16F7-4668-BE54-9A1E7A4F7556}") = "Warehouse.API", "src\Services\Warehouse\Warehouse.API\Warehouse.API.csproj", "{E7AE9B67-E430-46CF-A71F-5101256A7400}"
EndProject
Project("{9A19103F-16F7-4668-BE54-9A1E7A4F7556}") = "Ordering.API", "src\Services\Ordering\Ordering.API\Ordering.API.csproj", "{090CDFEE-1CF2-4F93-B2FF-320A095A9DCF}"
EndProject
Project("{9A19103F-16F7-4668-BE54-9A1E7A4F7556}") = "Ordering.API.Models", "src\Services\Ordering\Ordering.API.Models\Ordering.API.Models.csproj", "{46BAFC78-1AFA-4EF8-AD4F-7ACB82434AFD}"
EndProject
Project("{2150E333-8FDC-42A3-9474-1A3956D46DE8}") = "src", "src", "{7CC9172B-0B8E-43CF-93F4-896BC8F98AED}"
EndProject
Project("{2150E333-8FDC-42A3-9474-1A3956D46DE8}") = "Services", "Services", "{41C5CA4E-A350-4AC4-9CB7-3C052964E2FC}"
EndProject
Project("{2150E333-8FDC-42A3-9474-1A3956D46DE8}") = "Ordering - Implement", "Ordering - Implement", "{557E0416-9920-45D0-AEEA-D1E9BB6D5ADA}"
EndProject
Project("{2150E333-8FDC-42A3-9474-1A3956D46DE8}") = "Warehouse - Implement", "Warehouse - Implement", "{1E4387E5-6610-40B2-B6C5-073E12B7FB30}"
EndProject
Project("{2150E333-8FDC-42A3-9474-1A3956D46DE8}") = "test", "test", "{F00A50AC-A2B3-46BA-B3A1-54FDAC44F589}"
EndProject
Project("{2150E333-8FDC-42A3-9474-1A3956D46DE8}") = "Services", "Services", "{7844C953-924B-4B6E-BD5E-A5939C0563FA}"
EndProject
Project("{2150E333-8FDC-42A3-9474-1A3956D46DE8}") = "BuildingBlocks", "BuildingBlocks", "{70866098-2614-4369-A475-EF00F9178EA9}"
EndProject
Project("{2150E333-8FDC-42A3-9474-1A3956D46DE8}") = "Catalog - Implement", "Catalog - Implement", "{6EAB372F-C57A-427C-81D9-A94298BCDE47}"
EndProject
Project("{9A19103F-16F7-4668-BE54-9A1E7A4F7556}") = "Catalog.API", "src\Services\Catalog\Catalog.API\Catalog.API.csproj", "{605BF5E0-5B6C-42B9-815F-0E71F847883C}"
EndProject
Project("{9A19103F-16F7-4668-BE54-9A1E7A4F7556}") = "Catalog.API.Models", "src\Services\Catalog\Catalog.API.Models\Catalog.API.Models.csproj", "{CEC2FED7-9109-4F0A-922D-E2C1CCD24001}"
EndProject
Project("{9A19103F-16F7-4668-BE54-9A1E7A4F7556}") = "Warehouse.Domain", "src\Services\Warehouse\Warehouse.Domain\Warehouse.Domain.csproj", "{15ADC23F-3039-422B-A61C-B57B899D9A5E}"
EndProject
Project("{9A19103F-16F7-4668-BE54-9A1E7A4F7556}") = "Restmium.ERP.BuildingBlocks.Common", "src\BuildingBlocks\Restmium.ERP.BuildingBlocks.Common\Restmium.ERP.BuildingBlocks.Common.csproj", "{441366C4-735A-48D5-9FFA-571AC40937DA}"
EndProject
Project("{9A19103F-16F7-4668-BE54-9A1E7A4F7556}") = "Warehouse.Infrastructure", "src\Services\Warehouse\Warehouse.Infrastructure\Warehouse.Infrastructure.csproj", "{8D6AA7AA-199E-4388-BDB4-CF3D9E19953D}"
EndProject
Project("{9A19103F-16F7-4668-BE54-9A1E7A4F7556}") = "Warehouse.Tests.Common", "test\Services\Warehouse.Tests.Common\Warehouse.Tests.Common.csproj", "{69AF5C02-E59E-49CA-8A41-6F46E58EE893}"
EndProject
Project("{9A19103F-16F7-4668-BE54-9A1E7A4F7556}") = "Warehouse.API.Tests", "test\Services\Warehouse.API.Tests\Warehouse.API.Tests.csproj", "{35B0FAB6-6150-407E-AD32-0DA76AB0598A}"
EndProject
Project("{9A19103F-16F7-4668-BE54-9A1E7A4F7556}") = "Warehouse.Infrastructure.Tests", "test\Services\Warehouse.Infrastructure.Tests\Warehouse.Infrastructure.Tests.csproj", "{A019096A-E01F-45E8-B25A-F47FA552EFA1}"
EndProject
Project("{9A19103F-16F7-4668-BE54-9A1E7A4F7556}") = "Warehouse.Application", "src\Services\Warehouse\Warehouse.Application\Warehouse.Application.csproj", "{C8520DCC-3A7C-43DE-9F1B-D9D09AFF03B0}"
EndProject
Project("{2150E333-8FDC-42A3-9474-1A3956D46DE8}") = "ApiGateways", "ApiGateways", "{DCB03EF7-EECB-4B2B-9638-095FA1068ED7}"
EndProject
Project("{9A19103F-16F7-4668-BE54-9A1E7A4F7556}") = "ApiGatewayBase", "src\ApiGateways\ApiGatewayBase\ApiGatewayBase.csproj", "{4C4951CE-B269-4247-AEFF-138DE26F6E34}"
EndProject
Project("{2150E333-8FDC-42A3-9474-1A3956D46DE8}") = "Identity - Implement", "Identity - Implement", "{293B473B-D570-4C50-9A47-7DFC3543F75E}"
EndProject
Project("{9A19103F-16F7-4668-BE54-9A1E7A4F7556}") = "Identity.API", "src\Services\Identity\Identity.API\Identity.API.csproj", "{CD59EBB9-C9E3-49C3-AD1B-0456F24AD544}"
EndProject
Project("{9A19103F-16F7-4668-BE54-9A1E7A4F7556}") = "Restmium.ERP.Integration", "src\BuildingBlocks\Restmium.ERP.Integration\Restmium.ERP.Integration.csproj", "{98724B82-7E27-4EBB-8C6D-C62366B23A4F}"
EndProject
Project("{9A19103F-16F7-4668-BE54-9A1E7A4F7556}") = "Catalog.Domain", "src\Services\Catalog\Catalog.Domain\Catalog.Domain.csproj", "{0D4CA292-D228-41CF-8168-8901A512B872}"
EndProject
Project("{9A19103F-16F7-4668-BE54-9A1E7A4F7556}") = "Warehouse.Application.DependencyInjection", "src\Services\Warehouse\Warehouse.Application.DependencyInjection\Warehouse.Application.DependencyInjection.csproj", "{E0E3925F-43C0-4EEB-8D8F-E194803D1B99}"
EndProject
Project("{2150E333-8FDC-42A3-9474-1A3956D46DE8}") = "Warehouse", "Warehouse", "{1F8EF213-9CA5-49DD-BD4D-DBCB5ADF5EAE}"
EndProject
Project("{FAE04EC0-301F-11D3-BF4B-00C04F79EFBC}") = "Warehouse.Domain.Tests", "test\Services\Warehouse\Warehouse.Domain.Tests\Warehouse.Domain.Tests.csproj", "{E1B748DB-E9EB-44F0-B943-A73804E83941}"
EndProject
Global
	GlobalSection(SolutionConfigurationPlatforms) = preSolution
		Debug|Any CPU = Debug|Any CPU
		Release|Any CPU = Release|Any CPU
	EndGlobalSection
	GlobalSection(ProjectConfigurationPlatforms) = postSolution
		{E7AE9B67-E430-46CF-A71F-5101256A7400}.Debug|Any CPU.ActiveCfg = Debug|Any CPU
		{E7AE9B67-E430-46CF-A71F-5101256A7400}.Debug|Any CPU.Build.0 = Debug|Any CPU
		{E7AE9B67-E430-46CF-A71F-5101256A7400}.Release|Any CPU.ActiveCfg = Release|Any CPU
		{E7AE9B67-E430-46CF-A71F-5101256A7400}.Release|Any CPU.Build.0 = Release|Any CPU
		{090CDFEE-1CF2-4F93-B2FF-320A095A9DCF}.Debug|Any CPU.ActiveCfg = Debug|Any CPU
		{090CDFEE-1CF2-4F93-B2FF-320A095A9DCF}.Debug|Any CPU.Build.0 = Debug|Any CPU
		{090CDFEE-1CF2-4F93-B2FF-320A095A9DCF}.Release|Any CPU.ActiveCfg = Release|Any CPU
		{090CDFEE-1CF2-4F93-B2FF-320A095A9DCF}.Release|Any CPU.Build.0 = Release|Any CPU
		{46BAFC78-1AFA-4EF8-AD4F-7ACB82434AFD}.Debug|Any CPU.ActiveCfg = Debug|Any CPU
		{46BAFC78-1AFA-4EF8-AD4F-7ACB82434AFD}.Debug|Any CPU.Build.0 = Debug|Any CPU
		{46BAFC78-1AFA-4EF8-AD4F-7ACB82434AFD}.Release|Any CPU.ActiveCfg = Release|Any CPU
		{46BAFC78-1AFA-4EF8-AD4F-7ACB82434AFD}.Release|Any CPU.Build.0 = Release|Any CPU
		{605BF5E0-5B6C-42B9-815F-0E71F847883C}.Debug|Any CPU.ActiveCfg = Debug|Any CPU
		{605BF5E0-5B6C-42B9-815F-0E71F847883C}.Debug|Any CPU.Build.0 = Debug|Any CPU
		{605BF5E0-5B6C-42B9-815F-0E71F847883C}.Release|Any CPU.ActiveCfg = Release|Any CPU
		{605BF5E0-5B6C-42B9-815F-0E71F847883C}.Release|Any CPU.Build.0 = Release|Any CPU
		{CEC2FED7-9109-4F0A-922D-E2C1CCD24001}.Debug|Any CPU.ActiveCfg = Debug|Any CPU
		{CEC2FED7-9109-4F0A-922D-E2C1CCD24001}.Debug|Any CPU.Build.0 = Debug|Any CPU
		{CEC2FED7-9109-4F0A-922D-E2C1CCD24001}.Release|Any CPU.ActiveCfg = Release|Any CPU
		{CEC2FED7-9109-4F0A-922D-E2C1CCD24001}.Release|Any CPU.Build.0 = Release|Any CPU
		{15ADC23F-3039-422B-A61C-B57B899D9A5E}.Debug|Any CPU.ActiveCfg = Debug|Any CPU
		{15ADC23F-3039-422B-A61C-B57B899D9A5E}.Debug|Any CPU.Build.0 = Debug|Any CPU
		{15ADC23F-3039-422B-A61C-B57B899D9A5E}.Release|Any CPU.ActiveCfg = Release|Any CPU
		{15ADC23F-3039-422B-A61C-B57B899D9A5E}.Release|Any CPU.Build.0 = Release|Any CPU
		{441366C4-735A-48D5-9FFA-571AC40937DA}.Debug|Any CPU.ActiveCfg = Debug|Any CPU
		{441366C4-735A-48D5-9FFA-571AC40937DA}.Debug|Any CPU.Build.0 = Debug|Any CPU
		{441366C4-735A-48D5-9FFA-571AC40937DA}.Release|Any CPU.ActiveCfg = Release|Any CPU
		{441366C4-735A-48D5-9FFA-571AC40937DA}.Release|Any CPU.Build.0 = Release|Any CPU
		{8D6AA7AA-199E-4388-BDB4-CF3D9E19953D}.Debug|Any CPU.ActiveCfg = Debug|Any CPU
		{8D6AA7AA-199E-4388-BDB4-CF3D9E19953D}.Debug|Any CPU.Build.0 = Debug|Any CPU
		{8D6AA7AA-199E-4388-BDB4-CF3D9E19953D}.Release|Any CPU.ActiveCfg = Release|Any CPU
		{8D6AA7AA-199E-4388-BDB4-CF3D9E19953D}.Release|Any CPU.Build.0 = Release|Any CPU
		{69AF5C02-E59E-49CA-8A41-6F46E58EE893}.Debug|Any CPU.ActiveCfg = Debug|Any CPU
		{69AF5C02-E59E-49CA-8A41-6F46E58EE893}.Debug|Any CPU.Build.0 = Debug|Any CPU
		{69AF5C02-E59E-49CA-8A41-6F46E58EE893}.Release|Any CPU.ActiveCfg = Release|Any CPU
		{69AF5C02-E59E-49CA-8A41-6F46E58EE893}.Release|Any CPU.Build.0 = Release|Any CPU
		{35B0FAB6-6150-407E-AD32-0DA76AB0598A}.Debug|Any CPU.ActiveCfg = Debug|Any CPU
		{35B0FAB6-6150-407E-AD32-0DA76AB0598A}.Debug|Any CPU.Build.0 = Debug|Any CPU
		{35B0FAB6-6150-407E-AD32-0DA76AB0598A}.Release|Any CPU.ActiveCfg = Release|Any CPU
		{35B0FAB6-6150-407E-AD32-0DA76AB0598A}.Release|Any CPU.Build.0 = Release|Any CPU
		{A019096A-E01F-45E8-B25A-F47FA552EFA1}.Debug|Any CPU.ActiveCfg = Debug|Any CPU
		{A019096A-E01F-45E8-B25A-F47FA552EFA1}.Debug|Any CPU.Build.0 = Debug|Any CPU
		{A019096A-E01F-45E8-B25A-F47FA552EFA1}.Release|Any CPU.ActiveCfg = Release|Any CPU
		{A019096A-E01F-45E8-B25A-F47FA552EFA1}.Release|Any CPU.Build.0 = Release|Any CPU
		{C8520DCC-3A7C-43DE-9F1B-D9D09AFF03B0}.Debug|Any CPU.ActiveCfg = Debug|Any CPU
		{C8520DCC-3A7C-43DE-9F1B-D9D09AFF03B0}.Debug|Any CPU.Build.0 = Debug|Any CPU
		{C8520DCC-3A7C-43DE-9F1B-D9D09AFF03B0}.Release|Any CPU.ActiveCfg = Release|Any CPU
		{C8520DCC-3A7C-43DE-9F1B-D9D09AFF03B0}.Release|Any CPU.Build.0 = Release|Any CPU
		{4C4951CE-B269-4247-AEFF-138DE26F6E34}.Debug|Any CPU.ActiveCfg = Debug|Any CPU
		{4C4951CE-B269-4247-AEFF-138DE26F6E34}.Debug|Any CPU.Build.0 = Debug|Any CPU
		{4C4951CE-B269-4247-AEFF-138DE26F6E34}.Release|Any CPU.ActiveCfg = Release|Any CPU
		{4C4951CE-B269-4247-AEFF-138DE26F6E34}.Release|Any CPU.Build.0 = Release|Any CPU
		{CD59EBB9-C9E3-49C3-AD1B-0456F24AD544}.Debug|Any CPU.ActiveCfg = Debug|Any CPU
		{CD59EBB9-C9E3-49C3-AD1B-0456F24AD544}.Debug|Any CPU.Build.0 = Debug|Any CPU
		{CD59EBB9-C9E3-49C3-AD1B-0456F24AD544}.Release|Any CPU.ActiveCfg = Release|Any CPU
		{CD59EBB9-C9E3-49C3-AD1B-0456F24AD544}.Release|Any CPU.Build.0 = Release|Any CPU
		{98724B82-7E27-4EBB-8C6D-C62366B23A4F}.Debug|Any CPU.ActiveCfg = Debug|Any CPU
		{98724B82-7E27-4EBB-8C6D-C62366B23A4F}.Debug|Any CPU.Build.0 = Debug|Any CPU
		{98724B82-7E27-4EBB-8C6D-C62366B23A4F}.Release|Any CPU.ActiveCfg = Release|Any CPU
		{98724B82-7E27-4EBB-8C6D-C62366B23A4F}.Release|Any CPU.Build.0 = Release|Any CPU
		{0D4CA292-D228-41CF-8168-8901A512B872}.Debug|Any CPU.ActiveCfg = Debug|Any CPU
		{0D4CA292-D228-41CF-8168-8901A512B872}.Debug|Any CPU.Build.0 = Debug|Any CPU
		{0D4CA292-D228-41CF-8168-8901A512B872}.Release|Any CPU.ActiveCfg = Release|Any CPU
		{0D4CA292-D228-41CF-8168-8901A512B872}.Release|Any CPU.Build.0 = Release|Any CPU
		{E0E3925F-43C0-4EEB-8D8F-E194803D1B99}.Debug|Any CPU.ActiveCfg = Debug|Any CPU
		{E0E3925F-43C0-4EEB-8D8F-E194803D1B99}.Debug|Any CPU.Build.0 = Debug|Any CPU
		{E0E3925F-43C0-4EEB-8D8F-E194803D1B99}.Release|Any CPU.ActiveCfg = Release|Any CPU
		{E0E3925F-43C0-4EEB-8D8F-E194803D1B99}.Release|Any CPU.Build.0 = Release|Any CPU
		{E1B748DB-E9EB-44F0-B943-A73804E83941}.Debug|Any CPU.ActiveCfg = Debug|Any CPU
		{E1B748DB-E9EB-44F0-B943-A73804E83941}.Debug|Any CPU.Build.0 = Debug|Any CPU
		{E1B748DB-E9EB-44F0-B943-A73804E83941}.Release|Any CPU.ActiveCfg = Release|Any CPU
		{E1B748DB-E9EB-44F0-B943-A73804E83941}.Release|Any CPU.Build.0 = Release|Any CPU
	EndGlobalSection
	GlobalSection(SolutionProperties) = preSolution
		HideSolutionNode = FALSE
	EndGlobalSection
	GlobalSection(NestedProjects) = preSolution
		{E7AE9B67-E430-46CF-A71F-5101256A7400} = {1E4387E5-6610-40B2-B6C5-073E12B7FB30}
		{090CDFEE-1CF2-4F93-B2FF-320A095A9DCF} = {557E0416-9920-45D0-AEEA-D1E9BB6D5ADA}
		{46BAFC78-1AFA-4EF8-AD4F-7ACB82434AFD} = {557E0416-9920-45D0-AEEA-D1E9BB6D5ADA}
		{41C5CA4E-A350-4AC4-9CB7-3C052964E2FC} = {7CC9172B-0B8E-43CF-93F4-896BC8F98AED}
		{557E0416-9920-45D0-AEEA-D1E9BB6D5ADA} = {41C5CA4E-A350-4AC4-9CB7-3C052964E2FC}
		{1E4387E5-6610-40B2-B6C5-073E12B7FB30} = {41C5CA4E-A350-4AC4-9CB7-3C052964E2FC}
		{7844C953-924B-4B6E-BD5E-A5939C0563FA} = {F00A50AC-A2B3-46BA-B3A1-54FDAC44F589}
		{70866098-2614-4369-A475-EF00F9178EA9} = {7CC9172B-0B8E-43CF-93F4-896BC8F98AED}
		{6EAB372F-C57A-427C-81D9-A94298BCDE47} = {41C5CA4E-A350-4AC4-9CB7-3C052964E2FC}
		{605BF5E0-5B6C-42B9-815F-0E71F847883C} = {6EAB372F-C57A-427C-81D9-A94298BCDE47}
		{CEC2FED7-9109-4F0A-922D-E2C1CCD24001} = {6EAB372F-C57A-427C-81D9-A94298BCDE47}
		{15ADC23F-3039-422B-A61C-B57B899D9A5E} = {1E4387E5-6610-40B2-B6C5-073E12B7FB30}
		{441366C4-735A-48D5-9FFA-571AC40937DA} = {70866098-2614-4369-A475-EF00F9178EA9}
		{8D6AA7AA-199E-4388-BDB4-CF3D9E19953D} = {1E4387E5-6610-40B2-B6C5-073E12B7FB30}
		{69AF5C02-E59E-49CA-8A41-6F46E58EE893} = {7844C953-924B-4B6E-BD5E-A5939C0563FA}
		{35B0FAB6-6150-407E-AD32-0DA76AB0598A} = {7844C953-924B-4B6E-BD5E-A5939C0563FA}
		{A019096A-E01F-45E8-B25A-F47FA552EFA1} = {7844C953-924B-4B6E-BD5E-A5939C0563FA}
		{C8520DCC-3A7C-43DE-9F1B-D9D09AFF03B0} = {1E4387E5-6610-40B2-B6C5-073E12B7FB30}
		{DCB03EF7-EECB-4B2B-9638-095FA1068ED7} = {7CC9172B-0B8E-43CF-93F4-896BC8F98AED}
		{4C4951CE-B269-4247-AEFF-138DE26F6E34} = {DCB03EF7-EECB-4B2B-9638-095FA1068ED7}
		{293B473B-D570-4C50-9A47-7DFC3543F75E} = {41C5CA4E-A350-4AC4-9CB7-3C052964E2FC}
		{CD59EBB9-C9E3-49C3-AD1B-0456F24AD544} = {293B473B-D570-4C50-9A47-7DFC3543F75E}
		{98724B82-7E27-4EBB-8C6D-C62366B23A4F} = {70866098-2614-4369-A475-EF00F9178EA9}
		{0D4CA292-D228-41CF-8168-8901A512B872} = {6EAB372F-C57A-427C-81D9-A94298BCDE47}
		{E0E3925F-43C0-4EEB-8D8F-E194803D1B99} = {1E4387E5-6610-40B2-B6C5-073E12B7FB30}
		{1F8EF213-9CA5-49DD-BD4D-DBCB5ADF5EAE} = {7844C953-924B-4B6E-BD5E-A5939C0563FA}
		{E1B748DB-E9EB-44F0-B943-A73804E83941} = {1F8EF213-9CA5-49DD-BD4D-DBCB5ADF5EAE}
	EndGlobalSection
	GlobalSection(ExtensibilityGlobals) = postSolution
		SolutionGuid = {EBCECFB2-5169-4290-A00D-41924EF592A6}
	EndGlobalSection
EndGlobal
