
Microsoft Visual Studio Solution File, Format Version 12.00
# Visual Studio 15
VisualStudioVersion = 15.0.27703.2047
MinimumVisualStudioVersion = 10.0.40219.1
Project("{9A19103F-16F7-4668-BE54-9A1E7A4F7556}") = "Warehouse.API", "src\Services\Warehouse\Warehouse.API\Warehouse.API.csproj", "{E7AE9B67-E430-46CF-A71F-5101256A7400}"
EndProject
Project("{9A19103F-16F7-4668-BE54-9A1E7A4F7556}") = "Warehouse.API.Models", "src\Services\Warehouse\Warehouse.API.Models\Warehouse.API.Models.csproj", "{67517EDE-A1D8-4BB6-87B7-7763C5894D2F}"
EndProject
Project("{9A19103F-16F7-4668-BE54-9A1E7A4F7556}") = "Restmium.Models", "src\BuildingBlocks\Restmium.Models\Restmium.Models.csproj", "{3B501BB9-0BB8-479F-99BF-E17B9BF8DD7D}"
EndProject
Project("{9A19103F-16F7-4668-BE54-9A1E7A4F7556}") = "Warehouse.API.Models.Extensions", "src\Services\Warehouse\Warehouse.API.Models.Extensions\Warehouse.API.Models.Extensions.csproj", "{7B295F36-03F9-48DC-AE0C-8BF8BC7DA04A}"
EndProject
Project("{9A19103F-16F7-4668-BE54-9A1E7A4F7556}") = "Warehouse.API.Tests", "test\ServicesTests\Warehouse.API.Tests\Warehouse.API.Tests.csproj", "{0C325698-738D-43EE-ADAD-886317C7EDCD}"
EndProject
Project("{9A19103F-16F7-4668-BE54-9A1E7A4F7556}") = "Ordering.API", "src\Services\Ordering\Ordering.API\Ordering.API.csproj", "{090CDFEE-1CF2-4F93-B2FF-320A095A9DCF}"
EndProject
Project("{9A19103F-16F7-4668-BE54-9A1E7A4F7556}") = "Ordering.API.Models", "src\Services\Ordering\Ordering.API.Models\Ordering.API.Models.csproj", "{46BAFC78-1AFA-4EF8-AD4F-7ACB82434AFD}"
EndProject
Project("{FAE04EC0-301F-11D3-BF4B-00C04F79EFBC}") = "Warehouse.Domain", "src\Services\Warehouse\Warehouse.Domain\Warehouse.Domain.csproj", "{351D8D64-4D7D-42F1-BF3B-8AB079A4798D}"
EndProject
Global
	GlobalSection(SolutionConfigurationPlatforms) = preSolution
		Debug|Any CPU = Debug|Any CPU
		Release|Any CPU = Release|Any CPU
	EndGlobalSection
	GlobalSection(ProjectConfigurationPlatforms) = postSolution
		{E7AE9B67-E430-46CF-A71F-5101256A7400}.Debug|Any CPU.ActiveCfg = Debug|Any CPU
		{E7AE9B67-E430-46CF-A71F-5101256A7400}.Debug|Any CPU.Build.0 = Debug|Any CPU
		{E7AE9B67-E430-46CF-A71F-5101256A7400}.Release|Any CPU.ActiveCfg = Release|Any CPU
		{E7AE9B67-E430-46CF-A71F-5101256A7400}.Release|Any CPU.Build.0 = Release|Any CPU
		{67517EDE-A1D8-4BB6-87B7-7763C5894D2F}.Debug|Any CPU.ActiveCfg = Debug|Any CPU
		{67517EDE-A1D8-4BB6-87B7-7763C5894D2F}.Debug|Any CPU.Build.0 = Debug|Any CPU
		{67517EDE-A1D8-4BB6-87B7-7763C5894D2F}.Release|Any CPU.ActiveCfg = Release|Any CPU
		{67517EDE-A1D8-4BB6-87B7-7763C5894D2F}.Release|Any CPU.Build.0 = Release|Any CPU
		{3B501BB9-0BB8-479F-99BF-E17B9BF8DD7D}.Debug|Any CPU.ActiveCfg = Debug|Any CPU
		{3B501BB9-0BB8-479F-99BF-E17B9BF8DD7D}.Debug|Any CPU.Build.0 = Debug|Any CPU
		{3B501BB9-0BB8-479F-99BF-E17B9BF8DD7D}.Release|Any CPU.ActiveCfg = Release|Any CPU
		{3B501BB9-0BB8-479F-99BF-E17B9BF8DD7D}.Release|Any CPU.Build.0 = Release|Any CPU
		{7B295F36-03F9-48DC-AE0C-8BF8BC7DA04A}.Debug|Any CPU.ActiveCfg = Debug|Any CPU
		{7B295F36-03F9-48DC-AE0C-8BF8BC7DA04A}.Debug|Any CPU.Build.0 = Debug|Any CPU
		{7B295F36-03F9-48DC-AE0C-8BF8BC7DA04A}.Release|Any CPU.ActiveCfg = Release|Any CPU
		{7B295F36-03F9-48DC-AE0C-8BF8BC7DA04A}.Release|Any CPU.Build.0 = Release|Any CPU
		{0C325698-738D-43EE-ADAD-886317C7EDCD}.Debug|Any CPU.ActiveCfg = Debug|Any CPU
		{0C325698-738D-43EE-ADAD-886317C7EDCD}.Debug|Any CPU.Build.0 = Debug|Any CPU
		{0C325698-738D-43EE-ADAD-886317C7EDCD}.Release|Any CPU.ActiveCfg = Release|Any CPU
		{0C325698-738D-43EE-ADAD-886317C7EDCD}.Release|Any CPU.Build.0 = Release|Any CPU
		{090CDFEE-1CF2-4F93-B2FF-320A095A9DCF}.Debug|Any CPU.ActiveCfg = Debug|Any CPU
		{090CDFEE-1CF2-4F93-B2FF-320A095A9DCF}.Debug|Any CPU.Build.0 = Debug|Any CPU
		{090CDFEE-1CF2-4F93-B2FF-320A095A9DCF}.Release|Any CPU.ActiveCfg = Release|Any CPU
		{090CDFEE-1CF2-4F93-B2FF-320A095A9DCF}.Release|Any CPU.Build.0 = Release|Any CPU
		{46BAFC78-1AFA-4EF8-AD4F-7ACB82434AFD}.Debug|Any CPU.ActiveCfg = Debug|Any CPU
		{46BAFC78-1AFA-4EF8-AD4F-7ACB82434AFD}.Debug|Any CPU.Build.0 = Debug|Any CPU
		{46BAFC78-1AFA-4EF8-AD4F-7ACB82434AFD}.Release|Any CPU.ActiveCfg = Release|Any CPU
		{46BAFC78-1AFA-4EF8-AD4F-7ACB82434AFD}.Release|Any CPU.Build.0 = Release|Any CPU
		{351D8D64-4D7D-42F1-BF3B-8AB079A4798D}.Debug|Any CPU.ActiveCfg = Debug|Any CPU
		{351D8D64-4D7D-42F1-BF3B-8AB079A4798D}.Debug|Any CPU.Build.0 = Debug|Any CPU
		{351D8D64-4D7D-42F1-BF3B-8AB079A4798D}.Release|Any CPU.ActiveCfg = Release|Any CPU
		{351D8D64-4D7D-42F1-BF3B-8AB079A4798D}.Release|Any CPU.Build.0 = Release|Any CPU
	EndGlobalSection
	GlobalSection(SolutionProperties) = preSolution
		HideSolutionNode = FALSE
	EndGlobalSection
	GlobalSection(ExtensibilityGlobals) = postSolution
		SolutionGuid = {EBCECFB2-5169-4290-A00D-41924EF592A6}
	EndGlobalSection
EndGlobal
